
Microsoft Visual Studio Solution File, Format Version 12.00
# Visual Studio Version 17
VisualStudioVersion = 17.5.002.0
MinimumVisualStudioVersion = 10.0.40219.1
Project("{9A19103F-16F7-4668-BE54-9A1E7A4F7556}") = "chuyen_doi_tien_te", "chuyen_doi_tien_te.csproj", "{3609FAA3-6F88-4B40-BFB3-2A159F643CF6}"
EndProject
Global
	GlobalSection(SolutionConfigurationPlatforms) = preSolution
		Debug|Any CPU = Debug|Any CPU
		Release|Any CPU = Release|Any CPU
	EndGlobalSection
	GlobalSection(ProjectConfigurationPlatforms) = postSolution
		{3609FAA3-6F88-4B40-BFB3-2A159F643CF6}.Debug|Any CPU.ActiveCfg = Debug|Any CPU
		{3609FAA3-6F88-4B40-BFB3-2A159F643CF6}.Debug|Any CPU.Build.0 = Debug|Any CPU
		{3609FAA3-6F88-4B40-BFB3-2A159F643CF6}.Release|Any CPU.ActiveCfg = Release|Any CPU
		{3609FAA3-6F88-4B40-BFB3-2A159F643CF6}.Release|Any CPU.Build.0 = Release|Any CPU
	EndGlobalSection
	GlobalSection(SolutionProperties) = preSolution
		HideSolutionNode = FALSE
	EndGlobalSection
	GlobalSection(ExtensibilityGlobals) = postSolution
		SolutionGuid = {634B522F-C119-4286-AEB0-CA79ECA7F3BE}
	EndGlobalSection
EndGlobal
